
Microsoft Visual Studio Solution File, Format Version 12.00
# Visual Studio Version 17
VisualStudioVersion = 17.11.35208.52
MinimumVisualStudioVersion = 10.0.40219.1
Project("{9A19103F-16F7-4668-BE54-9A1E7A4F7556}") = "LibraryMinimalApi", "LibraryMinimalApi\LibraryMinimalApi.csproj", "{F519C46C-05AE-4808-B8FB-A0C3A1C0A5DF}"
EndProject
Project("{FAE04EC0-301F-11D3-BF4B-00C04F79EFBC}") = "WebLibrary", "WebLibrary\WebLibrary.csproj", "{0A721CD8-CFED-49B8-B6C5-07990820B60D}"
EndProject
Global
	GlobalSection(SolutionConfigurationPlatforms) = preSolution
		Debug|Any CPU = Debug|Any CPU
		Release|Any CPU = Release|Any CPU
	EndGlobalSection
	GlobalSection(ProjectConfigurationPlatforms) = postSolution
		{F519C46C-05AE-4808-B8FB-A0C3A1C0A5DF}.Debug|Any CPU.ActiveCfg = Debug|Any CPU
		{F519C46C-05AE-4808-B8FB-A0C3A1C0A5DF}.Debug|Any CPU.Build.0 = Debug|Any CPU
		{F519C46C-05AE-4808-B8FB-A0C3A1C0A5DF}.Release|Any CPU.ActiveCfg = Release|Any CPU
		{F519C46C-05AE-4808-B8FB-A0C3A1C0A5DF}.Release|Any CPU.Build.0 = Release|Any CPU
		{0A721CD8-CFED-49B8-B6C5-07990820B60D}.Debug|Any CPU.ActiveCfg = Debug|Any CPU
		{0A721CD8-CFED-49B8-B6C5-07990820B60D}.Debug|Any CPU.Build.0 = Debug|Any CPU
		{0A721CD8-CFED-49B8-B6C5-07990820B60D}.Release|Any CPU.ActiveCfg = Release|Any CPU
		{0A721CD8-CFED-49B8-B6C5-07990820B60D}.Release|Any CPU.Build.0 = Release|Any CPU
	EndGlobalSection
	GlobalSection(SolutionProperties) = preSolution
		HideSolutionNode = FALSE
	EndGlobalSection
	GlobalSection(ExtensibilityGlobals) = postSolution
		SolutionGuid = {221D14BB-D4F4-441F-B457-B1118FBEDD16}
	EndGlobalSection
EndGlobal
